// !$*UTF8*$!
{
	archiveVersion = 1;
	classes = {
	};
	objectVersion = 77;
	objects = {

/* Begin PBXBuildFile section */
		029D78D13CB6E0AA2335D77B /* AppDelegate.swift in Sources */ = {isa = PBXBuildFile; fileRef = 257A1C2B5BAE9F0138D63500 /* AppDelegate.swift */; };
		03BF44B70EB9E49311DEA0C2 /* ProvocationPromptComposer.swift in Sources */ = {isa = PBXBuildFile; fileRef = 859D761123DDC10C9ABAF67E /* ProvocationPromptComposer.swift */; };
		04416C5FE9B333F0DF20A230 /* FreeThinker.framework in Frameworks */ = {isa = PBXBuildFile; fileRef = E42491BA36D6EEE8FEFB443B /* FreeThinker.framework */; };
		0B0EA60CF2912FB6AF4F1F8F /* DefaultSettingsServiceTests.swift in Sources */ = {isa = PBXBuildFile; fileRef = DF330CA640760DEFD3CD97D9 /* DefaultSettingsServiceTests.swift */; };
		13DDC8070C358306DBAEDE1B /* FreeThinker.framework in Frameworks */ = {isa = PBXBuildFile; fileRef = E42491BA36D6EEE8FEFB443B /* FreeThinker.framework */; };
		1589046306CD959DEEBFEA4F /* DiagnosticsLoggerTests.swift in Sources */ = {isa = PBXBuildFile; fileRef = 6F9C12CBAB20F0ED95E0AC51 /* DiagnosticsLoggerTests.swift */; };
		173CAC8BC3386C57C644D599 /* FreeThinkerError.swift in Sources */ = {isa = PBXBuildFile; fileRef = 17018298641BEFD6A5153F07 /* FreeThinkerError.swift */; };
		1A9F7D332DC6BB1AA45C4E85 /* GlobalHotkeyService.swift in Sources */ = {isa = PBXBuildFile; fileRef = 2F9208CDFA108EE42802ED22 /* GlobalHotkeyService.swift */; };
		20EDD98ECFFC2739D20C4E74 /* UserNotificationService.swift in Sources */ = {isa = PBXBuildFile; fileRef = 52B470A70823A8018433F54D /* UserNotificationService.swift */; };
		26954543099D803A5CBAC0F4 /* LaunchAtLoginService.swift in Sources */ = {isa = PBXBuildFile; fileRef = 8DA69774DFABCBFC665358B2 /* LaunchAtLoginService.swift */; };
		2D0A7608D465EF86455DF9CF /* ProvocationResponseParserTests.swift in Sources */ = {isa = PBXBuildFile; fileRef = E0709657CE7BA8E803EF5592 /* ProvocationResponseParserTests.swift */; };
		2D66E691D315A684F844912A /* DefaultTextCaptureService.swift in Sources */ = {isa = PBXBuildFile; fileRef = 6643FAD348E62683788B4C8B /* DefaultTextCaptureService.swift */; };
		3D0BB899B9AA1DED3ED221C9 /* FloatingPanelAccessibility.swift in Sources */ = {isa = PBXBuildFile; fileRef = 0B477765ED2940E3EB0A454D /* FloatingPanelAccessibility.swift */; };
		43AA21E005112E62F88D82F1 /* DefaultSettingsService.swift in Sources */ = {isa = PBXBuildFile; fileRef = DA404C52E40DF3E73CF2F73B /* DefaultSettingsService.swift */; };
		45DA3CF8FBDF532E377BF5CA /* ProvocationRequest.swift in Sources */ = {isa = PBXBuildFile; fileRef = ED4FB3EFEDB692286722694E /* ProvocationRequest.swift */; };
		4BDC8D2EFAB6C2C910F8A757 /* AppStateOnboardingTests.swift in Sources */ = {isa = PBXBuildFile; fileRef = 4459AE095681D06FC4A379FF /* AppStateOnboardingTests.swift */; };
		4D3EB2644183A97FE8D8A1AF /* small.txt in Resources */ = {isa = PBXBuildFile; fileRef = 85F5E74DC687B500E7172DA3 /* small.txt */; };
		54130D7F33C871FD61DB10CC /* DefaultAIService.swift in Sources */ = {isa = PBXBuildFile; fileRef = E95B1F163EB2E194E5C64B8D /* DefaultAIService.swift */; };
		591FF28E7ABC3F6FD215F148 /* FreeThinker.framework in Embed Frameworks */ = {isa = PBXBuildFile; fileRef = E42491BA36D6EEE8FEFB443B /* FreeThinker.framework */; settings = {ATTRIBUTES = (CodeSignOnCopy, RemoveHeadersOnCopy, ); }; };
		59F54644C691D7C41378FC4E /* medium.txt in Resources */ = {isa = PBXBuildFile; fileRef = 3A96762118C0A885DFFEBDF4 /* medium.txt */; };
		5D6804F3DC9F4C239900C445 /* Logger.swift in Sources */ = {isa = PBXBuildFile; fileRef = 3C7A37A5981FF401117F6902 /* Logger.swift */; };
		61E3944C23E4000DF195DD66 /* DefaultAIServiceTests.swift in Sources */ = {isa = PBXBuildFile; fileRef = C61F83E8610B2215880377BA /* DefaultAIServiceTests.swift */; };
		63884221AB7AF978F5D4CBAC /* ProvocationSettingsView.swift in Sources */ = {isa = PBXBuildFile; fileRef = FB4530C99E44AF05F3ACD9A1 /* ProvocationSettingsView.swift */; };
		6660FB49C20D143B7EDB32F6 /* AIServicePerformanceTests.swift in Sources */ = {isa = PBXBuildFile; fileRef = 097812AD27128FAFE6BD1E2C /* AIServicePerformanceTests.swift */; };
		6BA6CF7B7605EB42024E89E6 /* ProvocationOrchestratorIntegrationTests.swift in Sources */ = {isa = PBXBuildFile; fileRef = 9B03053D68241E96C3B9C210 /* ProvocationOrchestratorIntegrationTests.swift */; };
		6C51F223CDFA0F77200F515A /* FreeThinker.framework in Embed Frameworks */ = {isa = PBXBuildFile; fileRef = E42491BA36D6EEE8FEFB443B /* FreeThinker.framework */; settings = {ATTRIBUTES = (CodeSignOnCopy, RemoveHeadersOnCopy, ); }; };
		71D4AC2401B28A64A5FC47DF /* SettingsRootView.swift in Sources */ = {isa = PBXBuildFile; fileRef = DE9EEADBE68722FE1714A5FA /* SettingsRootView.swift */; };
		731D660288987AD2BB3E44AF /* MenuBarCoordinator.swift in Sources */ = {isa = PBXBuildFile; fileRef = C9183FA9BB1AA133F6D6EEE6 /* MenuBarCoordinator.swift */; };
		73AF868B219A06942E3C25D0 /* AppSettings.swift in Sources */ = {isa = PBXBuildFile; fileRef = BE62001DAFAB446BFF9A0F1E /* AppSettings.swift */; };
		79C09D239BC94A37468A7922 /* GlobalHotkeyServiceTests.swift in Sources */ = {isa = PBXBuildFile; fileRef = CE9E46C16BF8554DA1C85E20 /* GlobalHotkeyServiceTests.swift */; };
		80D66C5B20D4BB007A89D9B3 /* FreeThinkerAppMain.swift in Sources */ = {isa = PBXBuildFile; fileRef = 4F98C716F5DCDDCD0F5AF451 /* FreeThinkerAppMain.swift */; };
		8144B3A1A48CB07C45CB05F6 /* GeneralSettingsView.swift in Sources */ = {isa = PBXBuildFile; fileRef = 6C121209B5ABEF9BB55E079B /* GeneralSettingsView.swift */; };
		85307E3179D447F3A8F07233 /* large.txt in Resources */ = {isa = PBXBuildFile; fileRef = 1A7797E13B5E0FA44D688C4E /* large.txt */; };
		8766FDFC94D2C2F8471E2C36 /* FloatingPanelComponents.swift in Sources */ = {isa = PBXBuildFile; fileRef = CC73EE341827878D9859DAD6 /* FloatingPanelComponents.swift */; };
		8D7D5FB1F29A9B0EAC076E1B /* ErrorPresentationMapper.swift in Sources */ = {isa = PBXBuildFile; fileRef = B3092CDCBCC451478685D633 /* ErrorPresentationMapper.swift */; };
		92950D5E7BBDB1831AF89297 /* FloatingPanelView.swift in Sources */ = {isa = PBXBuildFile; fileRef = 5018F13992576C30869BD9EE /* FloatingPanelView.swift */; };
		964CDAFAE0365A3D2181AF63 /* MenuBarMenuBuilder.swift in Sources */ = {isa = PBXBuildFile; fileRef = 35666B97911A0080C603C35B /* MenuBarMenuBuilder.swift */; };
		9A9BC0F43BC4CC6098AD369D /* AIService.swift in Sources */ = {isa = PBXBuildFile; fileRef = C5D576400F13CE8FDAF5ECF0 /* AIService.swift */; };
		9C53FFFAAD7481A7B8097A9E /* DiagnosticEvent.swift in Sources */ = {isa = PBXBuildFile; fileRef = 45540F9EC40AE22A7401F4E9 /* DiagnosticEvent.swift */; };
		A0862A422094A77B7FC7C9FF /* FreeThinker.framework in Frameworks */ = {isa = PBXBuildFile; fileRef = E42491BA36D6EEE8FEFB443B /* FreeThinker.framework */; };
		A25C3C0E319A7D4730B73C71 /* OnboardingView.swift in Sources */ = {isa = PBXBuildFile; fileRef = 943D4FA57A7244A1F359A081 /* OnboardingView.swift */; };
		A9A5A1766F1C54819A959702 /* DiagnosticsLogger.swift in Sources */ = {isa = PBXBuildFile; fileRef = 8C5B8C7369A3E091A702407C /* DiagnosticsLogger.swift */; };
		AB5A2A5559DE8C5A1A6912FA /* DefaultTextCaptureServiceTests.swift in Sources */ = {isa = PBXBuildFile; fileRef = 12E5BDE0D1300DDF99B53B2E /* DefaultTextCaptureServiceTests.swift */; };
		AC70B3D292037CC1E768A799 /* SettingsUITests.swift in Sources */ = {isa = PBXBuildFile; fileRef = D4B26CF67C773D5A71A6D3EA /* SettingsUITests.swift */; };
		AF78B74CC6FB8CEF8F99E875 /* FloatingPanelWindow.swift in Sources */ = {isa = PBXBuildFile; fileRef = 63F92CDD0D49BFEFD2A941E9 /* FloatingPanelWindow.swift */; };
		B173C4639EE441F561067E02 /* AccessibilityHelpSettingsView.swift in Sources */ = {isa = PBXBuildFile; fileRef = 4A52A88F271F234694D3DFED /* AccessibilityHelpSettingsView.swift */; };
		B6A74FA912ECF3D734589E7F /* ProvocationOrchestrator.swift in Sources */ = {isa = PBXBuildFile; fileRef = A78AB0565E79A0841C7A13CB /* ProvocationOrchestrator.swift */; };
		BC381DB685D4B01B27E34BE7 /* ProvocationResponse.swift in Sources */ = {isa = PBXBuildFile; fileRef = 0F0B7B0840E273F406A4AE1B /* ProvocationResponse.swift */; };
		BCFC884C65988D82A78CFE7D /* FloatingPanelController.swift in Sources */ = {isa = PBXBuildFile; fileRef = 5CC69D7570906ED23F0708C6 /* FloatingPanelController.swift */; };
		C137325EB656C2C7D4B103B5 /* ProvocationResponseParser.swift in Sources */ = {isa = PBXBuildFile; fileRef = 55AF73CFEF2FC1FE7BDC8F0E /* ProvocationResponseParser.swift */; };
		C4583E9DA760407A49CECC68 /* FoundationModelsAdapter.swift in Sources */ = {isa = PBXBuildFile; fileRef = 87EAFED21434DC2973B7B6D9 /* FoundationModelsAdapter.swift */; };
		D193427EAE748827C593EC32 /* AppState.swift in Sources */ = {isa = PBXBuildFile; fileRef = 2CCDF524909692782A8A6ED9 /* AppState.swift */; };
		D50299C2E3C0996DCC45A24F /* CancellationIntegrationTests.swift in Sources */ = {isa = PBXBuildFile; fileRef = 336D252A2923C954934F2F89 /* CancellationIntegrationTests.swift */; };
		DB71771F430C2F6C7F7BA79A /* FloatingPanelViewModel.swift in Sources */ = {isa = PBXBuildFile; fileRef = C6FC76C6588795558633275A /* FloatingPanelViewModel.swift */; };
		E17C516997B155940B9ACEC8 /* FreeThinker.framework in Embed Frameworks */ = {isa = PBXBuildFile; fileRef = E42491BA36D6EEE8FEFB443B /* FreeThinker.framework */; settings = {ATTRIBUTES = (CodeSignOnCopy, RemoveHeadersOnCopy, ); }; };
		E813F95B9F823306806815E2 /* SettingsWindowController.swift in Sources */ = {isa = PBXBuildFile; fileRef = BCAF102A3189D2CE63AA82A1 /* SettingsWindowController.swift */; };
		F04021198CE56AFCC673F96A /* SettingsAccessibility.swift in Sources */ = {isa = PBXBuildFile; fileRef = 7D2C4BD21A1D27E0D99CE0E3 /* SettingsAccessibility.swift */; };
		F39297627A83C093A9CE4DF7 /* ProvocationPromptComposerTests.swift in Sources */ = {isa = PBXBuildFile; fileRef = FFA1455C2F43FDE610072271 /* ProvocationPromptComposerTests.swift */; };
		F87F1E46C4CABAF35D648CD8 /* FloatingPanelUITests.swift in Sources */ = {isa = PBXBuildFile; fileRef = 1A7B70A36B03474AA89A9FB3 /* FloatingPanelUITests.swift */; };
		FF2BA3EFF53562368BB3153E /* AppContainer.swift in Sources */ = {isa = PBXBuildFile; fileRef = B95B6B539F9996D3D1B91F7F /* AppContainer.swift */; };
/* End PBXBuildFile section */

/* Begin PBXContainerItemProxy section */
		1E6C75830281CA3B5D08F7B0 /* PBXContainerItemProxy */ = {
			isa = PBXContainerItemProxy;
			containerPortal = 94E5AB414F2F3ADCB39B7592 /* Project object */;
			proxyType = 1;
			remoteGlobalIDString = C518CB81654AFC4B910FC6B8;
			remoteInfo = FreeThinker;
		};
		BF00501ECB3AEB4D1BDD9BFF /* PBXContainerItemProxy */ = {
			isa = PBXContainerItemProxy;
			containerPortal = 94E5AB414F2F3ADCB39B7592 /* Project object */;
			proxyType = 1;
			remoteGlobalIDString = CA80DA097ECCD15A52AA71BF;
			remoteInfo = FreeThinkerApp;
		};
		E453E712FA3BE7EE096CFF29 /* PBXContainerItemProxy */ = {
			isa = PBXContainerItemProxy;
			containerPortal = 94E5AB414F2F3ADCB39B7592 /* Project object */;
			proxyType = 1;
			remoteGlobalIDString = C518CB81654AFC4B910FC6B8;
			remoteInfo = FreeThinker;
		};
		F15B98F7C45189C8B51960E3 /* PBXContainerItemProxy */ = {
			isa = PBXContainerItemProxy;
			containerPortal = 94E5AB414F2F3ADCB39B7592 /* Project object */;
			proxyType = 1;
			remoteGlobalIDString = C518CB81654AFC4B910FC6B8;
			remoteInfo = FreeThinker;
		};
/* End PBXContainerItemProxy section */

/* Begin PBXCopyFilesBuildPhase section */
		0AD3E69C159346F492CA5B96 /* Embed Frameworks */ = {
			isa = PBXCopyFilesBuildPhase;
			buildActionMask = 2147483647;
			dstPath = "";
			dstSubfolderSpec = 10;
			files = (
				591FF28E7ABC3F6FD215F148 /* FreeThinker.framework in Embed Frameworks */,
			);
			name = "Embed Frameworks";
			runOnlyForDeploymentPostprocessing = 0;
		};
		1BE98D1F21F10F9FFC4AFD3B /* Embed Frameworks */ = {
			isa = PBXCopyFilesBuildPhase;
			buildActionMask = 2147483647;
			dstPath = "";
			dstSubfolderSpec = 10;
			files = (
				E17C516997B155940B9ACEC8 /* FreeThinker.framework in Embed Frameworks */,
			);
			name = "Embed Frameworks";
			runOnlyForDeploymentPostprocessing = 0;
		};
		EF9C4CCD5C669AE886425F1A /* Embed Frameworks */ = {
			isa = PBXCopyFilesBuildPhase;
			buildActionMask = 2147483647;
			dstPath = "";
			dstSubfolderSpec = 10;
			files = (
				6C51F223CDFA0F77200F515A /* FreeThinker.framework in Embed Frameworks */,
			);
			name = "Embed Frameworks";
			runOnlyForDeploymentPostprocessing = 0;
		};
/* End PBXCopyFilesBuildPhase section */

/* Begin PBXFileReference section */
		097812AD27128FAFE6BD1E2C /* AIServicePerformanceTests.swift */ = {isa = PBXFileReference; lastKnownFileType = sourcecode.swift; path = AIServicePerformanceTests.swift; sourceTree = "<group>"; };
		0B477765ED2940E3EB0A454D /* FloatingPanelAccessibility.swift */ = {isa = PBXFileReference; lastKnownFileType = sourcecode.swift; path = FloatingPanelAccessibility.swift; sourceTree = "<group>"; };
		0F0B7B0840E273F406A4AE1B /* ProvocationResponse.swift */ = {isa = PBXFileReference; lastKnownFileType = sourcecode.swift; path = ProvocationResponse.swift; sourceTree = "<group>"; };
		12E5BDE0D1300DDF99B53B2E /* DefaultTextCaptureServiceTests.swift */ = {isa = PBXFileReference; lastKnownFileType = sourcecode.swift; path = DefaultTextCaptureServiceTests.swift; sourceTree = "<group>"; };
		17018298641BEFD6A5153F07 /* FreeThinkerError.swift */ = {isa = PBXFileReference; lastKnownFileType = sourcecode.swift; path = FreeThinkerError.swift; sourceTree = "<group>"; };
		1A7797E13B5E0FA44D688C4E /* large.txt */ = {isa = PBXFileReference; lastKnownFileType = text; path = large.txt; sourceTree = "<group>"; };
		1A7B70A36B03474AA89A9FB3 /* FloatingPanelUITests.swift */ = {isa = PBXFileReference; lastKnownFileType = sourcecode.swift; path = FloatingPanelUITests.swift; sourceTree = "<group>"; };
		257A1C2B5BAE9F0138D63500 /* AppDelegate.swift */ = {isa = PBXFileReference; lastKnownFileType = sourcecode.swift; path = AppDelegate.swift; sourceTree = "<group>"; };
		2CCDF524909692782A8A6ED9 /* AppState.swift */ = {isa = PBXFileReference; lastKnownFileType = sourcecode.swift; path = AppState.swift; sourceTree = "<group>"; };
		2F9208CDFA108EE42802ED22 /* GlobalHotkeyService.swift */ = {isa = PBXFileReference; lastKnownFileType = sourcecode.swift; path = GlobalHotkeyService.swift; sourceTree = "<group>"; };
		336D252A2923C954934F2F89 /* CancellationIntegrationTests.swift */ = {isa = PBXFileReference; lastKnownFileType = sourcecode.swift; path = CancellationIntegrationTests.swift; sourceTree = "<group>"; };
		35666B97911A0080C603C35B /* MenuBarMenuBuilder.swift */ = {isa = PBXFileReference; lastKnownFileType = sourcecode.swift; path = MenuBarMenuBuilder.swift; sourceTree = "<group>"; };
		37830600F7FADB3AFB954DD0 /* FreeThinkerPerformanceTests.xctest */ = {isa = PBXFileReference; explicitFileType = wrapper.cfbundle; includeInIndex = 0; path = FreeThinkerPerformanceTests.xctest; sourceTree = BUILT_PRODUCTS_DIR; };
		3A96762118C0A885DFFEBDF4 /* medium.txt */ = {isa = PBXFileReference; lastKnownFileType = text; path = medium.txt; sourceTree = "<group>"; };
		3C7A37A5981FF401117F6902 /* Logger.swift */ = {isa = PBXFileReference; lastKnownFileType = sourcecode.swift; path = Logger.swift; sourceTree = "<group>"; };
		4459AE095681D06FC4A379FF /* AppStateOnboardingTests.swift */ = {isa = PBXFileReference; lastKnownFileType = sourcecode.swift; path = AppStateOnboardingTests.swift; sourceTree = "<group>"; };
		45540F9EC40AE22A7401F4E9 /* DiagnosticEvent.swift */ = {isa = PBXFileReference; lastKnownFileType = sourcecode.swift; path = DiagnosticEvent.swift; sourceTree = "<group>"; };
		4A52A88F271F234694D3DFED /* AccessibilityHelpSettingsView.swift */ = {isa = PBXFileReference; lastKnownFileType = sourcecode.swift; path = AccessibilityHelpSettingsView.swift; sourceTree = "<group>"; };
		4B19DDBBD08150880BC41C6D /* FreeThinkerUITests.xctest */ = {isa = PBXFileReference; explicitFileType = wrapper.cfbundle; includeInIndex = 0; path = FreeThinkerUITests.xctest; sourceTree = BUILT_PRODUCTS_DIR; };
		4F98C716F5DCDDCD0F5AF451 /* FreeThinkerAppMain.swift */ = {isa = PBXFileReference; lastKnownFileType = sourcecode.swift; path = FreeThinkerAppMain.swift; sourceTree = "<group>"; };
		5018F13992576C30869BD9EE /* FloatingPanelView.swift */ = {isa = PBXFileReference; lastKnownFileType = sourcecode.swift; path = FloatingPanelView.swift; sourceTree = "<group>"; };
		52B470A70823A8018433F54D /* UserNotificationService.swift */ = {isa = PBXFileReference; lastKnownFileType = sourcecode.swift; path = UserNotificationService.swift; sourceTree = "<group>"; };
		55AF73CFEF2FC1FE7BDC8F0E /* ProvocationResponseParser.swift */ = {isa = PBXFileReference; lastKnownFileType = sourcecode.swift; path = ProvocationResponseParser.swift; sourceTree = "<group>"; };
		5CC69D7570906ED23F0708C6 /* FloatingPanelController.swift */ = {isa = PBXFileReference; lastKnownFileType = sourcecode.swift; path = FloatingPanelController.swift; sourceTree = "<group>"; };
		63F92CDD0D49BFEFD2A941E9 /* FloatingPanelWindow.swift */ = {isa = PBXFileReference; lastKnownFileType = sourcecode.swift; path = FloatingPanelWindow.swift; sourceTree = "<group>"; };
		651E03FFC20C661EF8BC7300 /* FreeThinkerApp.app */ = {isa = PBXFileReference; explicitFileType = wrapper.application; includeInIndex = 0; path = FreeThinkerApp.app; sourceTree = BUILT_PRODUCTS_DIR; };
		6643FAD348E62683788B4C8B /* DefaultTextCaptureService.swift */ = {isa = PBXFileReference; lastKnownFileType = sourcecode.swift; path = DefaultTextCaptureService.swift; sourceTree = "<group>"; };
		6C121209B5ABEF9BB55E079B /* GeneralSettingsView.swift */ = {isa = PBXFileReference; lastKnownFileType = sourcecode.swift; path = GeneralSettingsView.swift; sourceTree = "<group>"; };
		6F9C12CBAB20F0ED95E0AC51 /* DiagnosticsLoggerTests.swift */ = {isa = PBXFileReference; lastKnownFileType = sourcecode.swift; path = DiagnosticsLoggerTests.swift; sourceTree = "<group>"; };
		7D2C4BD21A1D27E0D99CE0E3 /* SettingsAccessibility.swift */ = {isa = PBXFileReference; lastKnownFileType = sourcecode.swift; path = SettingsAccessibility.swift; sourceTree = "<group>"; };
		859D761123DDC10C9ABAF67E /* ProvocationPromptComposer.swift */ = {isa = PBXFileReference; lastKnownFileType = sourcecode.swift; path = ProvocationPromptComposer.swift; sourceTree = "<group>"; };
		85F5E74DC687B500E7172DA3 /* small.txt */ = {isa = PBXFileReference; lastKnownFileType = text; path = small.txt; sourceTree = "<group>"; };
		87EAFED21434DC2973B7B6D9 /* FoundationModelsAdapter.swift */ = {isa = PBXFileReference; lastKnownFileType = sourcecode.swift; path = FoundationModelsAdapter.swift; sourceTree = "<group>"; };
		8C5B8C7369A3E091A702407C /* DiagnosticsLogger.swift */ = {isa = PBXFileReference; lastKnownFileType = sourcecode.swift; path = DiagnosticsLogger.swift; sourceTree = "<group>"; };
		8DA69774DFABCBFC665358B2 /* LaunchAtLoginService.swift */ = {isa = PBXFileReference; lastKnownFileType = sourcecode.swift; path = LaunchAtLoginService.swift; sourceTree = "<group>"; };
		943D4FA57A7244A1F359A081 /* OnboardingView.swift */ = {isa = PBXFileReference; lastKnownFileType = sourcecode.swift; path = OnboardingView.swift; sourceTree = "<group>"; };
		9B03053D68241E96C3B9C210 /* ProvocationOrchestratorIntegrationTests.swift */ = {isa = PBXFileReference; lastKnownFileType = sourcecode.swift; path = ProvocationOrchestratorIntegrationTests.swift; sourceTree = "<group>"; };
		A78AB0565E79A0841C7A13CB /* ProvocationOrchestrator.swift */ = {isa = PBXFileReference; lastKnownFileType = sourcecode.swift; path = ProvocationOrchestrator.swift; sourceTree = "<group>"; };
		AFBE4A529DB2D1FF0B3799B2 /* FreeThinkerTests.xctest */ = {isa = PBXFileReference; explicitFileType = wrapper.cfbundle; includeInIndex = 0; path = FreeThinkerTests.xctest; sourceTree = BUILT_PRODUCTS_DIR; };
		B3092CDCBCC451478685D633 /* ErrorPresentationMapper.swift */ = {isa = PBXFileReference; lastKnownFileType = sourcecode.swift; path = ErrorPresentationMapper.swift; sourceTree = "<group>"; };
		B95B6B539F9996D3D1B91F7F /* AppContainer.swift */ = {isa = PBXFileReference; lastKnownFileType = sourcecode.swift; path = AppContainer.swift; sourceTree = "<group>"; };
		BCAF102A3189D2CE63AA82A1 /* SettingsWindowController.swift */ = {isa = PBXFileReference; lastKnownFileType = sourcecode.swift; path = SettingsWindowController.swift; sourceTree = "<group>"; };
		BE62001DAFAB446BFF9A0F1E /* AppSettings.swift */ = {isa = PBXFileReference; lastKnownFileType = sourcecode.swift; path = AppSettings.swift; sourceTree = "<group>"; };
		C5D576400F13CE8FDAF5ECF0 /* AIService.swift */ = {isa = PBXFileReference; lastKnownFileType = sourcecode.swift; path = AIService.swift; sourceTree = "<group>"; };
		C61F83E8610B2215880377BA /* DefaultAIServiceTests.swift */ = {isa = PBXFileReference; lastKnownFileType = sourcecode.swift; path = DefaultAIServiceTests.swift; sourceTree = "<group>"; };
		C6FC76C6588795558633275A /* FloatingPanelViewModel.swift */ = {isa = PBXFileReference; lastKnownFileType = sourcecode.swift; path = FloatingPanelViewModel.swift; sourceTree = "<group>"; };
		C9183FA9BB1AA133F6D6EEE6 /* MenuBarCoordinator.swift */ = {isa = PBXFileReference; lastKnownFileType = sourcecode.swift; path = MenuBarCoordinator.swift; sourceTree = "<group>"; };
		CC73EE341827878D9859DAD6 /* FloatingPanelComponents.swift */ = {isa = PBXFileReference; lastKnownFileType = sourcecode.swift; path = FloatingPanelComponents.swift; sourceTree = "<group>"; };
		CE9E46C16BF8554DA1C85E20 /* GlobalHotkeyServiceTests.swift */ = {isa = PBXFileReference; lastKnownFileType = sourcecode.swift; path = GlobalHotkeyServiceTests.swift; sourceTree = "<group>"; };
		D4B26CF67C773D5A71A6D3EA /* SettingsUITests.swift */ = {isa = PBXFileReference; lastKnownFileType = sourcecode.swift; path = SettingsUITests.swift; sourceTree = "<group>"; };
		DA404C52E40DF3E73CF2F73B /* DefaultSettingsService.swift */ = {isa = PBXFileReference; lastKnownFileType = sourcecode.swift; path = DefaultSettingsService.swift; sourceTree = "<group>"; };
		DE9EEADBE68722FE1714A5FA /* SettingsRootView.swift */ = {isa = PBXFileReference; lastKnownFileType = sourcecode.swift; path = SettingsRootView.swift; sourceTree = "<group>"; };
		DF330CA640760DEFD3CD97D9 /* DefaultSettingsServiceTests.swift */ = {isa = PBXFileReference; lastKnownFileType = sourcecode.swift; path = DefaultSettingsServiceTests.swift; sourceTree = "<group>"; };
		E0709657CE7BA8E803EF5592 /* ProvocationResponseParserTests.swift */ = {isa = PBXFileReference; lastKnownFileType = sourcecode.swift; path = ProvocationResponseParserTests.swift; sourceTree = "<group>"; };
		E42491BA36D6EEE8FEFB443B /* FreeThinker.framework */ = {isa = PBXFileReference; explicitFileType = wrapper.framework; includeInIndex = 0; path = FreeThinker.framework; sourceTree = BUILT_PRODUCTS_DIR; };
		E95B1F163EB2E194E5C64B8D /* DefaultAIService.swift */ = {isa = PBXFileReference; lastKnownFileType = sourcecode.swift; path = DefaultAIService.swift; sourceTree = "<group>"; };
		ED4FB3EFEDB692286722694E /* ProvocationRequest.swift */ = {isa = PBXFileReference; lastKnownFileType = sourcecode.swift; path = ProvocationRequest.swift; sourceTree = "<group>"; };
		FB4530C99E44AF05F3ACD9A1 /* ProvocationSettingsView.swift */ = {isa = PBXFileReference; lastKnownFileType = sourcecode.swift; path = ProvocationSettingsView.swift; sourceTree = "<group>"; };
		FFA1455C2F43FDE610072271 /* ProvocationPromptComposerTests.swift */ = {isa = PBXFileReference; lastKnownFileType = sourcecode.swift; path = ProvocationPromptComposerTests.swift; sourceTree = "<group>"; };
/* End PBXFileReference section */

/* Begin PBXFrameworksBuildPhase section */
		598A080B6BBBBE894647C5C8 /* Frameworks */ = {
			isa = PBXFrameworksBuildPhase;
			buildActionMask = 2147483647;
			files = (
				13DDC8070C358306DBAEDE1B /* FreeThinker.framework in Frameworks */,
			);
			runOnlyForDeploymentPostprocessing = 0;
		};
		E1F66AFD15FEA2E0CBD41608 /* Frameworks */ = {
			isa = PBXFrameworksBuildPhase;
			buildActionMask = 2147483647;
			files = (
				A0862A422094A77B7FC7C9FF /* FreeThinker.framework in Frameworks */,
			);
			runOnlyForDeploymentPostprocessing = 0;
		};
		EDA21426A4EEA0C0E4F290A7 /* Frameworks */ = {
			isa = PBXFrameworksBuildPhase;
			buildActionMask = 2147483647;
			files = (
				04416C5FE9B333F0DF20A230 /* FreeThinker.framework in Frameworks */,
			);
			runOnlyForDeploymentPostprocessing = 0;
		};
/* End PBXFrameworksBuildPhase section */

/* Begin PBXGroup section */
		0CB852A34DA11D3D37667E6A /* Fixtures */ = {
			isa = PBXGroup;
			children = (
				1A7797E13B5E0FA44D688C4E /* large.txt */,
				3A96762118C0A885DFFEBDF4 /* medium.txt */,
				85F5E74DC687B500E7172DA3 /* small.txt */,
			);
			path = Fixtures;
			sourceTree = "<group>";
		};
		15EA4CA62D42B5DD54ACC92E /* App */ = {
			isa = PBXGroup;
			children = (
				B95B6B539F9996D3D1B91F7F /* AppContainer.swift */,
				257A1C2B5BAE9F0138D63500 /* AppDelegate.swift */,
				2CCDF524909692782A8A6ED9 /* AppState.swift */,
			);
			path = App;
			sourceTree = "<group>";
		};
		2C25A299A2A61EDA6107042A /* FloatingPanel */ = {
			isa = PBXGroup;
			children = (
				0B477765ED2940E3EB0A454D /* FloatingPanelAccessibility.swift */,
				CC73EE341827878D9859DAD6 /* FloatingPanelComponents.swift */,
				5CC69D7570906ED23F0708C6 /* FloatingPanelController.swift */,
				5018F13992576C30869BD9EE /* FloatingPanelView.swift */,
				C6FC76C6588795558633275A /* FloatingPanelViewModel.swift */,
				63F92CDD0D49BFEFD2A941E9 /* FloatingPanelWindow.swift */,
			);
			path = FloatingPanel;
			sourceTree = "<group>";
		};
		463FED04CB85844863E29FED /* Settings */ = {
			isa = PBXGroup;
			children = (
				4A52A88F271F234694D3DFED /* AccessibilityHelpSettingsView.swift */,
				6C121209B5ABEF9BB55E079B /* GeneralSettingsView.swift */,
				943D4FA57A7244A1F359A081 /* OnboardingView.swift */,
				FB4530C99E44AF05F3ACD9A1 /* ProvocationSettingsView.swift */,
				7D2C4BD21A1D27E0D99CE0E3 /* SettingsAccessibility.swift */,
				DE9EEADBE68722FE1714A5FA /* SettingsRootView.swift */,
				BCAF102A3189D2CE63AA82A1 /* SettingsWindowController.swift */,
			);
			path = Settings;
			sourceTree = "<group>";
		};
		4C426D370C68E7F96C4371B4 /* FreeThinkerPerformanceTests */ = {
			isa = PBXGroup;
			children = (
				097812AD27128FAFE6BD1E2C /* AIServicePerformanceTests.swift */,
				0CB852A34DA11D3D37667E6A /* Fixtures */,
			);
			path = FreeThinkerPerformanceTests;
			sourceTree = "<group>";
		};
		59F24533C62E37615D45B84F /* FreeThinkerUITests */ = {
			isa = PBXGroup;
			children = (
				1A7B70A36B03474AA89A9FB3 /* FloatingPanelUITests.swift */,
				D4B26CF67C773D5A71A6D3EA /* SettingsUITests.swift */,
			);
			path = FreeThinkerUITests;
			sourceTree = "<group>";
		};
		5EB1D40860C73D49B5F16CDB = {
			isa = PBXGroup;
			children = (
				D6E7412DD4CADAAF05755D04 /* FreeThinker */,
				A084F3B87624C1A6D0A25992 /* FreeThinkerApp */,
				4C426D370C68E7F96C4371B4 /* FreeThinkerPerformanceTests */,
				EE10336986CE25894831C19F /* FreeThinkerTests */,
				59F24533C62E37615D45B84F /* FreeThinkerUITests */,
				F2E074FDA2436E345C5ACA37 /* Products */,
			);
			sourceTree = "<group>";
		};
		7E4D968F30D3D8241A57CF13 /* MenuBar */ = {
			isa = PBXGroup;
			children = (
				C9183FA9BB1AA133F6D6EEE6 /* MenuBarCoordinator.swift */,
				35666B97911A0080C603C35B /* MenuBarMenuBuilder.swift */,
			);
			path = MenuBar;
			sourceTree = "<group>";
		};
		88D182ED7BDFCA349011DFCA /* Core */ = {
			isa = PBXGroup;
			children = (
				F76E405D0FEB1AFB91B2D608 /* Models */,
				C2CF11ED85FD1CF347F8A9E0 /* Services */,
				C132BFFD5DC305ECC3932B85 /* Utilities */,
			);
			path = Core;
			sourceTree = "<group>";
		};
		A084F3B87624C1A6D0A25992 /* FreeThinkerApp */ = {
			isa = PBXGroup;
			children = (
				4F98C716F5DCDDCD0F5AF451 /* FreeThinkerAppMain.swift */,
			);
			path = FreeThinkerApp;
			sourceTree = "<group>";
		};
		C132BFFD5DC305ECC3932B85 /* Utilities */ = {
			isa = PBXGroup;
			children = (
				8C5B8C7369A3E091A702407C /* DiagnosticsLogger.swift */,
				B3092CDCBCC451478685D633 /* ErrorPresentationMapper.swift */,
				17018298641BEFD6A5153F07 /* FreeThinkerError.swift */,
				3C7A37A5981FF401117F6902 /* Logger.swift */,
			);
			path = Utilities;
			sourceTree = "<group>";
		};
		C2CF11ED85FD1CF347F8A9E0 /* Services */ = {
			isa = PBXGroup;
			children = (
				C5D576400F13CE8FDAF5ECF0 /* AIService.swift */,
				E95B1F163EB2E194E5C64B8D /* DefaultAIService.swift */,
				DA404C52E40DF3E73CF2F73B /* DefaultSettingsService.swift */,
				6643FAD348E62683788B4C8B /* DefaultTextCaptureService.swift */,
				87EAFED21434DC2973B7B6D9 /* FoundationModelsAdapter.swift */,
				2F9208CDFA108EE42802ED22 /* GlobalHotkeyService.swift */,
				8DA69774DFABCBFC665358B2 /* LaunchAtLoginService.swift */,
				A78AB0565E79A0841C7A13CB /* ProvocationOrchestrator.swift */,
				859D761123DDC10C9ABAF67E /* ProvocationPromptComposer.swift */,
				55AF73CFEF2FC1FE7BDC8F0E /* ProvocationResponseParser.swift */,
				52B470A70823A8018433F54D /* UserNotificationService.swift */,
			);
			path = Services;
			sourceTree = "<group>";
		};
		D6E7412DD4CADAAF05755D04 /* FreeThinker */ = {
			isa = PBXGroup;
			children = (
				15EA4CA62D42B5DD54ACC92E /* App */,
				88D182ED7BDFCA349011DFCA /* Core */,
				D985060FF8945C7CACFF69D1 /* UI */,
			);
			path = FreeThinker;
			sourceTree = "<group>";
		};
		D985060FF8945C7CACFF69D1 /* UI */ = {
			isa = PBXGroup;
			children = (
				2C25A299A2A61EDA6107042A /* FloatingPanel */,
				7E4D968F30D3D8241A57CF13 /* MenuBar */,
				463FED04CB85844863E29FED /* Settings */,
			);
			path = UI;
			sourceTree = "<group>";
		};
		EE10336986CE25894831C19F /* FreeThinkerTests */ = {
			isa = PBXGroup;
			children = (
				4459AE095681D06FC4A379FF /* AppStateOnboardingTests.swift */,
				336D252A2923C954934F2F89 /* CancellationIntegrationTests.swift */,
				C61F83E8610B2215880377BA /* DefaultAIServiceTests.swift */,
				DF330CA640760DEFD3CD97D9 /* DefaultSettingsServiceTests.swift */,
				12E5BDE0D1300DDF99B53B2E /* DefaultTextCaptureServiceTests.swift */,
				6F9C12CBAB20F0ED95E0AC51 /* DiagnosticsLoggerTests.swift */,
				CE9E46C16BF8554DA1C85E20 /* GlobalHotkeyServiceTests.swift */,
				9B03053D68241E96C3B9C210 /* ProvocationOrchestratorIntegrationTests.swift */,
				FFA1455C2F43FDE610072271 /* ProvocationPromptComposerTests.swift */,
				E0709657CE7BA8E803EF5592 /* ProvocationResponseParserTests.swift */,
			);
			path = FreeThinkerTests;
			sourceTree = "<group>";
		};
		F2E074FDA2436E345C5ACA37 /* Products */ = {
			isa = PBXGroup;
			children = (
				E42491BA36D6EEE8FEFB443B /* FreeThinker.framework */,
				651E03FFC20C661EF8BC7300 /* FreeThinkerApp.app */,
				37830600F7FADB3AFB954DD0 /* FreeThinkerPerformanceTests.xctest */,
				AFBE4A529DB2D1FF0B3799B2 /* FreeThinkerTests.xctest */,
				4B19DDBBD08150880BC41C6D /* FreeThinkerUITests.xctest */,
			);
			name = Products;
			sourceTree = "<group>";
		};
		F76E405D0FEB1AFB91B2D608 /* Models */ = {
			isa = PBXGroup;
			children = (
				BE62001DAFAB446BFF9A0F1E /* AppSettings.swift */,
				45540F9EC40AE22A7401F4E9 /* DiagnosticEvent.swift */,
				ED4FB3EFEDB692286722694E /* ProvocationRequest.swift */,
				0F0B7B0840E273F406A4AE1B /* ProvocationResponse.swift */,
			);
			path = Models;
			sourceTree = "<group>";
		};
/* End PBXGroup section */

/* Begin PBXNativeTarget section */
		2892A02F1DA63378EFCA92B8 /* FreeThinkerTests */ = {
			isa = PBXNativeTarget;
			buildConfigurationList = F755B085010D842CA688BC3A /* Build configuration list for PBXNativeTarget "FreeThinkerTests" */;
			buildPhases = (
				265FEB34B76F065AA3C85A8C /* Sources */,
				E1F66AFD15FEA2E0CBD41608 /* Frameworks */,
				1BE98D1F21F10F9FFC4AFD3B /* Embed Frameworks */,
			);
			buildRules = (
			);
			dependencies = (
				9F898919CF3B977578DD6533 /* PBXTargetDependency */,
			);
			name = FreeThinkerTests;
			packageProductDependencies = (
			);
			productName = FreeThinkerTests;
			productReference = AFBE4A529DB2D1FF0B3799B2 /* FreeThinkerTests.xctest */;
			productType = "com.apple.product-type.bundle.unit-test";
		};
		3AD301DABD7025E7C6FB73E6 /* FreeThinkerUITests */ = {
			isa = PBXNativeTarget;
			buildConfigurationList = 0B87155EB739CEB29571BEB4 /* Build configuration list for PBXNativeTarget "FreeThinkerUITests" */;
			buildPhases = (
				8B5FEFB7CFAA7F82C7AF3F71 /* Sources */,
			);
			buildRules = (
			);
			dependencies = (
				73F310CADF677F355D7A7522 /* PBXTargetDependency */,
			);
			name = FreeThinkerUITests;
			packageProductDependencies = (
			);
			productName = FreeThinkerUITests;
			productReference = 4B19DDBBD08150880BC41C6D /* FreeThinkerUITests.xctest */;
			productType = "com.apple.product-type.bundle.ui-testing";
		};
		C518CB81654AFC4B910FC6B8 /* FreeThinker */ = {
			isa = PBXNativeTarget;
			buildConfigurationList = E2A2D0CED07175468FE8A344 /* Build configuration list for PBXNativeTarget "FreeThinker" */;
			buildPhases = (
				A4C58D30A5109F6FDC48F7D9 /* Sources */,
			);
			buildRules = (
			);
			dependencies = (
			);
			name = FreeThinker;
			packageProductDependencies = (
			);
			productName = FreeThinker;
			productReference = E42491BA36D6EEE8FEFB443B /* FreeThinker.framework */;
			productType = "com.apple.product-type.framework";
		};
		CA80DA097ECCD15A52AA71BF /* FreeThinkerApp */ = {
			isa = PBXNativeTarget;
			buildConfigurationList = E2C18B0CE27C6E320FA4C06C /* Build configuration list for PBXNativeTarget "FreeThinkerApp" */;
			buildPhases = (
				998AC6353ACCCB718372F056 /* Sources */,
				EDA21426A4EEA0C0E4F290A7 /* Frameworks */,
				EF9C4CCD5C669AE886425F1A /* Embed Frameworks */,
			);
			buildRules = (
			);
			dependencies = (
				2E2DA5BAA24D74119A1158D9 /* PBXTargetDependency */,
			);
			name = FreeThinkerApp;
			packageProductDependencies = (
			);
			productName = FreeThinkerApp;
			productReference = 651E03FFC20C661EF8BC7300 /* FreeThinkerApp.app */;
			productType = "com.apple.product-type.application";
		};
		D299A6B321F79CBA4F05F87A /* FreeThinkerPerformanceTests */ = {
			isa = PBXNativeTarget;
			buildConfigurationList = 8AE1AD335EA6EE38A5648924 /* Build configuration list for PBXNativeTarget "FreeThinkerPerformanceTests" */;
			buildPhases = (
				AC72F6DC755F0C5AA2FF92FC /* Sources */,
				D7607E7F0C10C90F5C3320C5 /* Resources */,
				598A080B6BBBBE894647C5C8 /* Frameworks */,
				0AD3E69C159346F492CA5B96 /* Embed Frameworks */,
			);
			buildRules = (
			);
			dependencies = (
				F293E49D180AEAB70B334FB1 /* PBXTargetDependency */,
			);
			name = FreeThinkerPerformanceTests;
			packageProductDependencies = (
			);
			productName = FreeThinkerPerformanceTests;
			productReference = 37830600F7FADB3AFB954DD0 /* FreeThinkerPerformanceTests.xctest */;
			productType = "com.apple.product-type.bundle.unit-test";
		};
/* End PBXNativeTarget section */

/* Begin PBXProject section */
		94E5AB414F2F3ADCB39B7592 /* Project object */ = {
			isa = PBXProject;
			attributes = {
				BuildIndependentTargetsInParallel = YES;
				LastUpgradeCheck = 1430;
				TargetAttributes = {
					3AD301DABD7025E7C6FB73E6 = {
						TestTargetID = CA80DA097ECCD15A52AA71BF;
					};
				};
			};
			buildConfigurationList = 55E291DAB4829CCAC2A6BA40 /* Build configuration list for PBXProject "FreeThinker" */;
			compatibilityVersion = "Xcode 14.0";
			developmentRegion = en;
			hasScannedForEncodings = 0;
			knownRegions = (
				Base,
				en,
			);
			mainGroup = 5EB1D40860C73D49B5F16CDB;
			minimizedProjectReferenceProxies = 1;
			preferredProjectObjectVersion = 77;
			projectDirPath = "";
			projectRoot = "";
			targets = (
				C518CB81654AFC4B910FC6B8 /* FreeThinker */,
				CA80DA097ECCD15A52AA71BF /* FreeThinkerApp */,
				D299A6B321F79CBA4F05F87A /* FreeThinkerPerformanceTests */,
				2892A02F1DA63378EFCA92B8 /* FreeThinkerTests */,
				3AD301DABD7025E7C6FB73E6 /* FreeThinkerUITests */,
			);
		};
/* End PBXProject section */

/* Begin PBXResourcesBuildPhase section */
		D7607E7F0C10C90F5C3320C5 /* Resources */ = {
			isa = PBXResourcesBuildPhase;
			buildActionMask = 2147483647;
			files = (
				85307E3179D447F3A8F07233 /* large.txt in Resources */,
				59F54644C691D7C41378FC4E /* medium.txt in Resources */,
				4D3EB2644183A97FE8D8A1AF /* small.txt in Resources */,
			);
			runOnlyForDeploymentPostprocessing = 0;
		};
/* End PBXResourcesBuildPhase section */

/* Begin PBXSourcesBuildPhase section */
		265FEB34B76F065AA3C85A8C /* Sources */ = {
			isa = PBXSourcesBuildPhase;
			buildActionMask = 2147483647;
			files = (
				4BDC8D2EFAB6C2C910F8A757 /* AppStateOnboardingTests.swift in Sources */,
				D50299C2E3C0996DCC45A24F /* CancellationIntegrationTests.swift in Sources */,
				61E3944C23E4000DF195DD66 /* DefaultAIServiceTests.swift in Sources */,
				0B0EA60CF2912FB6AF4F1F8F /* DefaultSettingsServiceTests.swift in Sources */,
				AB5A2A5559DE8C5A1A6912FA /* DefaultTextCaptureServiceTests.swift in Sources */,
				1589046306CD959DEEBFEA4F /* DiagnosticsLoggerTests.swift in Sources */,
				79C09D239BC94A37468A7922 /* GlobalHotkeyServiceTests.swift in Sources */,
				6BA6CF7B7605EB42024E89E6 /* ProvocationOrchestratorIntegrationTests.swift in Sources */,
				F39297627A83C093A9CE4DF7 /* ProvocationPromptComposerTests.swift in Sources */,
				2D0A7608D465EF86455DF9CF /* ProvocationResponseParserTests.swift in Sources */,
			);
			runOnlyForDeploymentPostprocessing = 0;
		};
		8B5FEFB7CFAA7F82C7AF3F71 /* Sources */ = {
			isa = PBXSourcesBuildPhase;
			buildActionMask = 2147483647;
			files = (
				F87F1E46C4CABAF35D648CD8 /* FloatingPanelUITests.swift in Sources */,
				AC70B3D292037CC1E768A799 /* SettingsUITests.swift in Sources */,
			);
			runOnlyForDeploymentPostprocessing = 0;
		};
		998AC6353ACCCB718372F056 /* Sources */ = {
			isa = PBXSourcesBuildPhase;
			buildActionMask = 2147483647;
			files = (
				80D66C5B20D4BB007A89D9B3 /* FreeThinkerAppMain.swift in Sources */,
			);
			runOnlyForDeploymentPostprocessing = 0;
		};
		A4C58D30A5109F6FDC48F7D9 /* Sources */ = {
			isa = PBXSourcesBuildPhase;
			buildActionMask = 2147483647;
			files = (
				9A9BC0F43BC4CC6098AD369D /* AIService.swift in Sources */,
				B173C4639EE441F561067E02 /* AccessibilityHelpSettingsView.swift in Sources */,
				FF2BA3EFF53562368BB3153E /* AppContainer.swift in Sources */,
				029D78D13CB6E0AA2335D77B /* AppDelegate.swift in Sources */,
				73AF868B219A06942E3C25D0 /* AppSettings.swift in Sources */,
				D193427EAE748827C593EC32 /* AppState.swift in Sources */,
				54130D7F33C871FD61DB10CC /* DefaultAIService.swift in Sources */,
				43AA21E005112E62F88D82F1 /* DefaultSettingsService.swift in Sources */,
				2D66E691D315A684F844912A /* DefaultTextCaptureService.swift in Sources */,
				9C53FFFAAD7481A7B8097A9E /* DiagnosticEvent.swift in Sources */,
				A9A5A1766F1C54819A959702 /* DiagnosticsLogger.swift in Sources */,
				8D7D5FB1F29A9B0EAC076E1B /* ErrorPresentationMapper.swift in Sources */,
				3D0BB899B9AA1DED3ED221C9 /* FloatingPanelAccessibility.swift in Sources */,
				8766FDFC94D2C2F8471E2C36 /* FloatingPanelComponents.swift in Sources */,
				BCFC884C65988D82A78CFE7D /* FloatingPanelController.swift in Sources */,
				92950D5E7BBDB1831AF89297 /* FloatingPanelView.swift in Sources */,
				DB71771F430C2F6C7F7BA79A /* FloatingPanelViewModel.swift in Sources */,
				AF78B74CC6FB8CEF8F99E875 /* FloatingPanelWindow.swift in Sources */,
				C4583E9DA760407A49CECC68 /* FoundationModelsAdapter.swift in Sources */,
				173CAC8BC3386C57C644D599 /* FreeThinkerError.swift in Sources */,
				8144B3A1A48CB07C45CB05F6 /* GeneralSettingsView.swift in Sources */,
				1A9F7D332DC6BB1AA45C4E85 /* GlobalHotkeyService.swift in Sources */,
				26954543099D803A5CBAC0F4 /* LaunchAtLoginService.swift in Sources */,
				5D6804F3DC9F4C239900C445 /* Logger.swift in Sources */,
				731D660288987AD2BB3E44AF /* MenuBarCoordinator.swift in Sources */,
				964CDAFAE0365A3D2181AF63 /* MenuBarMenuBuilder.swift in Sources */,
				A25C3C0E319A7D4730B73C71 /* OnboardingView.swift in Sources */,
				B6A74FA912ECF3D734589E7F /* ProvocationOrchestrator.swift in Sources */,
				03BF44B70EB9E49311DEA0C2 /* ProvocationPromptComposer.swift in Sources */,
				45DA3CF8FBDF532E377BF5CA /* ProvocationRequest.swift in Sources */,
				BC381DB685D4B01B27E34BE7 /* ProvocationResponse.swift in Sources */,
				C137325EB656C2C7D4B103B5 /* ProvocationResponseParser.swift in Sources */,
				63884221AB7AF978F5D4CBAC /* ProvocationSettingsView.swift in Sources */,
				F04021198CE56AFCC673F96A /* SettingsAccessibility.swift in Sources */,
				71D4AC2401B28A64A5FC47DF /* SettingsRootView.swift in Sources */,
				E813F95B9F823306806815E2 /* SettingsWindowController.swift in Sources */,
				20EDD98ECFFC2739D20C4E74 /* UserNotificationService.swift in Sources */,
			);
			runOnlyForDeploymentPostprocessing = 0;
		};
		AC72F6DC755F0C5AA2FF92FC /* Sources */ = {
			isa = PBXSourcesBuildPhase;
			buildActionMask = 2147483647;
			files = (
				6660FB49C20D143B7EDB32F6 /* AIServicePerformanceTests.swift in Sources */,
			);
			runOnlyForDeploymentPostprocessing = 0;
		};
/* End PBXSourcesBuildPhase section */

/* Begin PBXTargetDependency section */
		2E2DA5BAA24D74119A1158D9 /* PBXTargetDependency */ = {
			isa = PBXTargetDependency;
			target = C518CB81654AFC4B910FC6B8 /* FreeThinker */;
			targetProxy = F15B98F7C45189C8B51960E3 /* PBXContainerItemProxy */;
		};
		73F310CADF677F355D7A7522 /* PBXTargetDependency */ = {
			isa = PBXTargetDependency;
			target = CA80DA097ECCD15A52AA71BF /* FreeThinkerApp */;
			targetProxy = BF00501ECB3AEB4D1BDD9BFF /* PBXContainerItemProxy */;
		};
		9F898919CF3B977578DD6533 /* PBXTargetDependency */ = {
			isa = PBXTargetDependency;
			target = C518CB81654AFC4B910FC6B8 /* FreeThinker */;
			targetProxy = E453E712FA3BE7EE096CFF29 /* PBXContainerItemProxy */;
		};
		F293E49D180AEAB70B334FB1 /* PBXTargetDependency */ = {
			isa = PBXTargetDependency;
			target = C518CB81654AFC4B910FC6B8 /* FreeThinker */;
			targetProxy = 1E6C75830281CA3B5D08F7B0 /* PBXContainerItemProxy */;
		};
/* End PBXTargetDependency section */

/* Begin XCBuildConfiguration section */
		112DC35F5F223A91A34C1BBB /* Release */ = {
			isa = XCBuildConfiguration;
			buildSettings = {
				BUNDLE_LOADER = "$(TEST_HOST)";
				COMBINE_HIDPI_IMAGES = YES;
				LD_RUNPATH_SEARCH_PATHS = (
					"$(inherited)",
					"@executable_path/../Frameworks",
					"@loader_path/../Frameworks",
				);
				MACOSX_DEPLOYMENT_TARGET = 26.0;
				PRODUCT_BUNDLE_IDENTIFIER = com.freethinker.FreeThinkerTests;
				SDKROOT = macosx;
			};
			name = Release;
		};
		298AA4E85A893288301935AB /* Debug */ = {
			isa = XCBuildConfiguration;
			buildSettings = {
				BUNDLE_LOADER = "$(TEST_HOST)";
				COMBINE_HIDPI_IMAGES = YES;
				LD_RUNPATH_SEARCH_PATHS = (
					"$(inherited)",
					"@executable_path/../Frameworks",
					"@loader_path/../Frameworks",
				);
				MACOSX_DEPLOYMENT_TARGET = 26.0;
				PRODUCT_BUNDLE_IDENTIFIER = com.freethinker.FreeThinkerPerformanceTests;
				SDKROOT = macosx;
			};
			name = Debug;
		};
		44ADF18608BE5FA186F5DEB0 /* Debug */ = {
			isa = XCBuildConfiguration;
			buildSettings = {
				ALWAYS_SEARCH_USER_PATHS = NO;
				CLANG_ANALYZER_NONNULL = YES;
				CLANG_ANALYZER_NUMBER_OBJECT_CONVERSION = YES_AGGRESSIVE;
				CLANG_CXX_LANGUAGE_STANDARD = "gnu++14";
				CLANG_CXX_LIBRARY = "libc++";
				CLANG_ENABLE_MODULES = YES;
				CLANG_ENABLE_OBJC_ARC = YES;
				CLANG_ENABLE_OBJC_WEAK = YES;
				CLANG_WARN_BLOCK_CAPTURE_AUTORELEASING = YES;
				CLANG_WARN_BOOL_CONVERSION = YES;
				CLANG_WARN_COMMA = YES;
				CLANG_WARN_CONSTANT_CONVERSION = YES;
				CLANG_WARN_DEPRECATED_OBJC_IMPLEMENTATIONS = YES;
				CLANG_WARN_DIRECT_OBJC_ISA_USAGE = YES_ERROR;
				CLANG_WARN_DOCUMENTATION_COMMENTS = YES;
				CLANG_WARN_EMPTY_BODY = YES;
				CLANG_WARN_ENUM_CONVERSION = YES;
				CLANG_WARN_INFINITE_RECURSION = YES;
				CLANG_WARN_INT_CONVERSION = YES;
				CLANG_WARN_NON_LITERAL_NULL_CONVERSION = YES;
				CLANG_WARN_OBJC_IMPLICIT_RETAIN_SELF = YES;
				CLANG_WARN_OBJC_LITERAL_CONVERSION = YES;
				CLANG_WARN_OBJC_ROOT_CLASS = YES_ERROR;
				CLANG_WARN_QUOTED_INCLUDE_IN_FRAMEWORK_HEADER = YES;
				CLANG_WARN_RANGE_LOOP_ANALYSIS = YES;
				CLANG_WARN_STRICT_PROTOTYPES = YES;
				CLANG_WARN_SUSPICIOUS_MOVE = YES;
				CLANG_WARN_UNGUARDED_AVAILABILITY = YES_AGGRESSIVE;
				CLANG_WARN_UNREACHABLE_CODE = YES;
				CLANG_WARN__DUPLICATE_METHOD_MATCH = YES;
				COPY_PHASE_STRIP = NO;
				DEBUG_INFORMATION_FORMAT = dwarf;
				ENABLE_STRICT_OBJC_MSGSEND = YES;
				ENABLE_TESTABILITY = YES;
				GCC_C_LANGUAGE_STANDARD = gnu11;
				GCC_DYNAMIC_NO_PIC = NO;
				GCC_NO_COMMON_BLOCKS = YES;
				GCC_OPTIMIZATION_LEVEL = 0;
				GCC_PREPROCESSOR_DEFINITIONS = (
					"$(inherited)",
					"DEBUG=1",
				);
				GCC_WARN_64_TO_32_BIT_CONVERSION = YES;
				GCC_WARN_ABOUT_RETURN_TYPE = YES_ERROR;
				GCC_WARN_UNDECLARED_SELECTOR = YES;
				GCC_WARN_UNINITIALIZED_AUTOS = YES_AGGRESSIVE;
				GCC_WARN_UNUSED_FUNCTION = YES;
				GCC_WARN_UNUSED_VARIABLE = YES;
				MACOSX_DEPLOYMENT_TARGET = 26.0;
				MTL_ENABLE_DEBUG_INFO = INCLUDE_SOURCE;
				MTL_FAST_MATH = YES;
				ONLY_ACTIVE_ARCH = YES;
				PRODUCT_NAME = "$(TARGET_NAME)";
				SDKROOT = macosx;
				SWIFT_ACTIVE_COMPILATION_CONDITIONS = DEBUG;
				SWIFT_OPTIMIZATION_LEVEL = "-Onone";
				SWIFT_VERSION = 5.9;
			};
			name = Debug;
		};
		5F32078588565877463FCF4A /* Debug */ = {
			isa = XCBuildConfiguration;
			buildSettings = {
				BUNDLE_LOADER = "$(TEST_HOST)";
				COMBINE_HIDPI_IMAGES = YES;
				LD_RUNPATH_SEARCH_PATHS = (
					"$(inherited)",
					"@executable_path/../Frameworks",
					"@loader_path/../Frameworks",
				);
				MACOSX_DEPLOYMENT_TARGET = 26.0;
				PRODUCT_BUNDLE_IDENTIFIER = com.freethinker.FreeThinkerTests;
				SDKROOT = macosx;
			};
			name = Debug;
		};
		793CE610B7F83BF4ADA40EF9 /* Debug */ = {
			isa = XCBuildConfiguration;
			buildSettings = {
				BUNDLE_LOADER = "$(TEST_HOST)";
				COMBINE_HIDPI_IMAGES = YES;
				LD_RUNPATH_SEARCH_PATHS = (
					"$(inherited)",
					"@executable_path/Frameworks",
					"@loader_path/Frameworks",
				);
				MACOSX_DEPLOYMENT_TARGET = 26.0;
				PRODUCT_BUNDLE_IDENTIFIER = com.freethinker.FreeThinkerUITests;
				SDKROOT = macosx;
				TEST_TARGET_NAME = FreeThinkerApp;
			};
			name = Debug;
		};
		7FEAF8E73C613EF8DD45F2C9 /* Release */ = {
			isa = XCBuildConfiguration;
			buildSettings = {
				ALWAYS_SEARCH_USER_PATHS = NO;
				CLANG_ANALYZER_NONNULL = YES;
				CLANG_ANALYZER_NUMBER_OBJECT_CONVERSION = YES_AGGRESSIVE;
				CLANG_CXX_LANGUAGE_STANDARD = "gnu++14";
				CLANG_CXX_LIBRARY = "libc++";
				CLANG_ENABLE_MODULES = YES;
				CLANG_ENABLE_OBJC_ARC = YES;
				CLANG_ENABLE_OBJC_WEAK = YES;
				CLANG_WARN_BLOCK_CAPTURE_AUTORELEASING = YES;
				CLANG_WARN_BOOL_CONVERSION = YES;
				CLANG_WARN_COMMA = YES;
				CLANG_WARN_CONSTANT_CONVERSION = YES;
				CLANG_WARN_DEPRECATED_OBJC_IMPLEMENTATIONS = YES;
				CLANG_WARN_DIRECT_OBJC_ISA_USAGE = YES_ERROR;
				CLANG_WARN_DOCUMENTATION_COMMENTS = YES;
				CLANG_WARN_EMPTY_BODY = YES;
				CLANG_WARN_ENUM_CONVERSION = YES;
				CLANG_WARN_INFINITE_RECURSION = YES;
				CLANG_WARN_INT_CONVERSION = YES;
				CLANG_WARN_NON_LITERAL_NULL_CONVERSION = YES;
				CLANG_WARN_OBJC_IMPLICIT_RETAIN_SELF = YES;
				CLANG_WARN_OBJC_LITERAL_CONVERSION = YES;
				CLANG_WARN_OBJC_ROOT_CLASS = YES_ERROR;
				CLANG_WARN_QUOTED_INCLUDE_IN_FRAMEWORK_HEADER = YES;
				CLANG_WARN_RANGE_LOOP_ANALYSIS = YES;
				CLANG_WARN_STRICT_PROTOTYPES = YES;
				CLANG_WARN_SUSPICIOUS_MOVE = YES;
				CLANG_WARN_UNGUARDED_AVAILABILITY = YES_AGGRESSIVE;
				CLANG_WARN_UNREACHABLE_CODE = YES;
				CLANG_WARN__DUPLICATE_METHOD_MATCH = YES;
				COPY_PHASE_STRIP = NO;
				DEBUG_INFORMATION_FORMAT = "dwarf-with-dsym";
				ENABLE_NS_ASSERTIONS = NO;
				ENABLE_STRICT_OBJC_MSGSEND = YES;
				GCC_C_LANGUAGE_STANDARD = gnu11;
				GCC_NO_COMMON_BLOCKS = YES;
				GCC_WARN_64_TO_32_BIT_CONVERSION = YES;
				GCC_WARN_ABOUT_RETURN_TYPE = YES_ERROR;
				GCC_WARN_UNDECLARED_SELECTOR = YES;
				GCC_WARN_UNINITIALIZED_AUTOS = YES_AGGRESSIVE;
				GCC_WARN_UNUSED_FUNCTION = YES;
				GCC_WARN_UNUSED_VARIABLE = YES;
				MACOSX_DEPLOYMENT_TARGET = 26.0;
				MTL_ENABLE_DEBUG_INFO = NO;
				MTL_FAST_MATH = YES;
				PRODUCT_NAME = "$(TARGET_NAME)";
				SDKROOT = macosx;
				SWIFT_COMPILATION_MODE = wholemodule;
				SWIFT_OPTIMIZATION_LEVEL = "-O";
				SWIFT_VERSION = 5.9;
			};
			name = Release;
		};
		8AE73A1326ED865833420936 /* Release */ = {
			isa = XCBuildConfiguration;
			buildSettings = {
				BUNDLE_LOADER = "$(TEST_HOST)";
				COMBINE_HIDPI_IMAGES = YES;
				LD_RUNPATH_SEARCH_PATHS = (
					"$(inherited)",
					"@executable_path/Frameworks",
					"@loader_path/Frameworks",
				);
				MACOSX_DEPLOYMENT_TARGET = 26.0;
				PRODUCT_BUNDLE_IDENTIFIER = com.freethinker.FreeThinkerUITests;
				SDKROOT = macosx;
				TEST_TARGET_NAME = FreeThinkerApp;
			};
			name = Release;
		};
		B77BABB151FAEA97DE853ADB /* Debug */ = {
			isa = XCBuildConfiguration;
			buildSettings = {
				CODE_SIGN_IDENTITY = "";
				COMBINE_HIDPI_IMAGES = YES;
				CURRENT_PROJECT_VERSION = 1;
				DEFINES_MODULE = YES;
				DYLIB_COMPATIBILITY_VERSION = 1;
				DYLIB_CURRENT_VERSION = 1;
				DYLIB_INSTALL_NAME_BASE = "@rpath";
				INFOPLIST_FILE = FreeThinker/Resources/Info.plist;
				INSTALL_PATH = "$(LOCAL_LIBRARY_DIR)/Frameworks";
				LD_RUNPATH_SEARCH_PATHS = (
					"$(inherited)",
					"@executable_path/../Frameworks",
				);
				MACOSX_DEPLOYMENT_TARGET = 26.0;
				PRODUCT_BUNDLE_IDENTIFIER = com.freethinker.FreeThinkerCore;
				SDKROOT = macosx;
				SKIP_INSTALL = YES;
				VERSIONING_SYSTEM = "apple-generic";
			};
			name = Debug;
		};
		B8D9792A32A490D75A790476 /* Release */ = {
			isa = XCBuildConfiguration;
			buildSettings = {
				BUNDLE_LOADER = "$(TEST_HOST)";
				COMBINE_HIDPI_IMAGES = YES;
				LD_RUNPATH_SEARCH_PATHS = (
					"$(inherited)",
					"@executable_path/../Frameworks",
					"@loader_path/../Frameworks",
				);
				MACOSX_DEPLOYMENT_TARGET = 26.0;
				PRODUCT_BUNDLE_IDENTIFIER = com.freethinker.FreeThinkerPerformanceTests;
				SDKROOT = macosx;
			};
			name = Release;
		};
		E09C3AE2524FE797271EB4C7 /* Release */ = {
			isa = XCBuildConfiguration;
			buildSettings = {
				ASSETCATALOG_COMPILER_APPICON_NAME = AppIcon;
				CODE_SIGN_ENTITLEMENTS = FreeThinker.entitlements;
				COMBINE_HIDPI_IMAGES = YES;
				GENERATE_INFOPLIST_FILE = NO;
				INFOPLIST_FILE = FreeThinker/Resources/Info.plist;
				LD_RUNPATH_SEARCH_PATHS = (
					"$(inherited)",
					"@executable_path/../Frameworks",
				);
				MACOSX_DEPLOYMENT_TARGET = 26.0;
				PRODUCT_BUNDLE_IDENTIFIER = com.freethinker.FreeThinker;
				SDKROOT = macosx;
			};
			name = Release;
		};
		F07F5069323F58518F5B97A2 /* Debug */ = {
			isa = XCBuildConfiguration;
			buildSettings = {
				ASSETCATALOG_COMPILER_APPICON_NAME = AppIcon;
				CODE_SIGN_ENTITLEMENTS = FreeThinker.entitlements;
				COMBINE_HIDPI_IMAGES = YES;
				GENERATE_INFOPLIST_FILE = NO;
				INFOPLIST_FILE = FreeThinker/Resources/Info.plist;
				LD_RUNPATH_SEARCH_PATHS = (
					"$(inherited)",
					"@executable_path/../Frameworks",
				);
				MACOSX_DEPLOYMENT_TARGET = 26.0;
				PRODUCT_BUNDLE_IDENTIFIER = com.freethinker.FreeThinker;
				SDKROOT = macosx;
			};
			name = Debug;
		};
		FF662A7AE4A32328E3610C55 /* Release */ = {
			isa = XCBuildConfiguration;
			buildSettings = {
				CODE_SIGN_IDENTITY = "";
				COMBINE_HIDPI_IMAGES = YES;
				CURRENT_PROJECT_VERSION = 1;
				DEFINES_MODULE = YES;
				DYLIB_COMPATIBILITY_VERSION = 1;
				DYLIB_CURRENT_VERSION = 1;
				DYLIB_INSTALL_NAME_BASE = "@rpath";
				INFOPLIST_FILE = FreeThinker/Resources/Info.plist;
				INSTALL_PATH = "$(LOCAL_LIBRARY_DIR)/Frameworks";
				LD_RUNPATH_SEARCH_PATHS = (
					"$(inherited)",
					"@executable_path/../Frameworks",
				);
				MACOSX_DEPLOYMENT_TARGET = 26.0;
				PRODUCT_BUNDLE_IDENTIFIER = com.freethinker.FreeThinkerCore;
				SDKROOT = macosx;
				SKIP_INSTALL = YES;
				VERSIONING_SYSTEM = "apple-generic";
			};
			name = Release;
		};
/* End XCBuildConfiguration section */

/* Begin XCConfigurationList section */
		0B87155EB739CEB29571BEB4 /* Build configuration list for PBXNativeTarget "FreeThinkerUITests" */ = {
			isa = XCConfigurationList;
			buildConfigurations = (
				793CE610B7F83BF4ADA40EF9 /* Debug */,
				8AE73A1326ED865833420936 /* Release */,
			);
			defaultConfigurationIsVisible = 0;
			defaultConfigurationName = Debug;
		};
		55E291DAB4829CCAC2A6BA40 /* Build configuration list for PBXProject "FreeThinker" */ = {
			isa = XCConfigurationList;
			buildConfigurations = (
				44ADF18608BE5FA186F5DEB0 /* Debug */,
				7FEAF8E73C613EF8DD45F2C9 /* Release */,
			);
			defaultConfigurationIsVisible = 0;
			defaultConfigurationName = Debug;
		};
		8AE1AD335EA6EE38A5648924 /* Build configuration list for PBXNativeTarget "FreeThinkerPerformanceTests" */ = {
			isa = XCConfigurationList;
			buildConfigurations = (
				298AA4E85A893288301935AB /* Debug */,
				B8D9792A32A490D75A790476 /* Release */,
			);
			defaultConfigurationIsVisible = 0;
			defaultConfigurationName = Debug;
		};
		E2A2D0CED07175468FE8A344 /* Build configuration list for PBXNativeTarget "FreeThinker" */ = {
			isa = XCConfigurationList;
			buildConfigurations = (
				B77BABB151FAEA97DE853ADB /* Debug */,
				FF662A7AE4A32328E3610C55 /* Release */,
			);
			defaultConfigurationIsVisible = 0;
			defaultConfigurationName = Debug;
		};
		E2C18B0CE27C6E320FA4C06C /* Build configuration list for PBXNativeTarget "FreeThinkerApp" */ = {
			isa = XCConfigurationList;
			buildConfigurations = (
				F07F5069323F58518F5B97A2 /* Debug */,
				E09C3AE2524FE797271EB4C7 /* Release */,
			);
			defaultConfigurationIsVisible = 0;
			defaultConfigurationName = Debug;
		};
		F755B085010D842CA688BC3A /* Build configuration list for PBXNativeTarget "FreeThinkerTests" */ = {
			isa = XCConfigurationList;
			buildConfigurations = (
				5F32078588565877463FCF4A /* Debug */,
				112DC35F5F223A91A34C1BBB /* Release */,
			);
			defaultConfigurationIsVisible = 0;
			defaultConfigurationName = Debug;
		};
/* End XCConfigurationList section */
	};
	rootObject = 94E5AB414F2F3ADCB39B7592 /* Project object */;
}
